
Microsoft Visual Studio Solution File, Format Version 12.00
# Visual Studio Version 17
VisualStudioVersion = 17.3.32804.467
MinimumVisualStudioVersion = 10.0.40219.1
Project("{FAE04EC0-301F-11D3-BF4B-00C04F79EFBC}") = "StudentProject", "StudentProject\StudentProject.csproj", "{4927972D-3C8B-42E5-8149-96896841FA38}"
EndProject
Global
	GlobalSection(SolutionConfigurationPlatforms) = preSolution
		Debug|Any CPU = Debug|Any CPU
		Release|Any CPU = Release|Any CPU
	EndGlobalSection
	GlobalSection(ProjectConfigurationPlatforms) = postSolution
		{4927972D-3C8B-42E5-8149-96896841FA38}.Debug|Any CPU.ActiveCfg = Debug|Any CPU
		{4927972D-3C8B-42E5-8149-96896841FA38}.Debug|Any CPU.Build.0 = Debug|Any CPU
		{4927972D-3C8B-42E5-8149-96896841FA38}.Release|Any CPU.ActiveCfg = Release|Any CPU
		{4927972D-3C8B-42E5-8149-96896841FA38}.Release|Any CPU.Build.0 = Release|Any CPU
	EndGlobalSection
	GlobalSection(SolutionProperties) = preSolution
		HideSolutionNode = FALSE
	EndGlobalSection
	GlobalSection(ExtensibilityGlobals) = postSolution
		SolutionGuid = {D3D5FA0A-E03B-4557-BA68-55A5F7BE0277}
	EndGlobalSection
EndGlobal
